
Microsoft Visual Studio Solution File, Format Version 12.00
# Visual Studio Version 17
VisualStudioVersion = 17.7.34202.233
MinimumVisualStudioVersion = 10.0.40219.1
Project("{9A19103F-16F7-4668-BE54-9A1E7A4F7556}") = "LaskuApp", "..\Interfaceprogramming\LaskuAPP\LaskuApp\LaskuApp.csproj", "{77B657D9-8651-405C-A68C-2AF1AD51ADAB}"
EndProject
Global
	GlobalSection(SolutionConfigurationPlatforms) = preSolution
		Debug|Any CPU = Debug|Any CPU
		Release|Any CPU = Release|Any CPU
	EndGlobalSection
	GlobalSection(ProjectConfigurationPlatforms) = postSolution
		{77B657D9-8651-405C-A68C-2AF1AD51ADAB}.Debug|Any CPU.ActiveCfg = Debug|Any CPU
		{77B657D9-8651-405C-A68C-2AF1AD51ADAB}.Debug|Any CPU.Build.0 = Debug|Any CPU
		{77B657D9-8651-405C-A68C-2AF1AD51ADAB}.Release|Any CPU.ActiveCfg = Release|Any CPU
		{77B657D9-8651-405C-A68C-2AF1AD51ADAB}.Release|Any CPU.Build.0 = Release|Any CPU
	EndGlobalSection
	GlobalSection(SolutionProperties) = preSolution
		HideSolutionNode = FALSE
	EndGlobalSection
	GlobalSection(ExtensibilityGlobals) = postSolution
		SolutionGuid = {E9E603FB-4007-45C6-8D7F-208FF8368B07}
	EndGlobalSection
EndGlobal
